
Microsoft Visual Studio Solution File, Format Version 12.00
# Visual Studio Version 16
VisualStudioVersion = 16.0.31229.75
MinimumVisualStudioVersion = 10.0.40219.1
Project("{FAE04EC0-301F-11D3-BF4B-00C04F79EFBC}") = "Infrastructure", "Core\Infrastructure\Infrastructure.csproj", "{CBA4A0CD-9E42-4C3A-91B1-AD92F43AC29D}"
EndProject
Project("{9A19103F-16F7-4668-BE54-9A1E7A4F7556}") = "Services", "Core\Services\Services.csproj", "{33649674-90DE-4410-BBAC-DFD4030283C1}"
EndProject
Project("{FAE04EC0-301F-11D3-BF4B-00C04F79EFBC}") = "Domain", "Core\Domain\Domain.csproj", "{4736C219-B0B1-47A6-9593-D24DCFD8562A}"
EndProject
Project("{FAE04EC0-301F-11D3-BF4B-00C04F79EFBC}") = "Web", "Web\Web.csproj", "{39A53DDA-3FA8-4FE9-A878-8A7BF0F77BF1}"
EndProject
Project("{FAE04EC0-301F-11D3-BF4B-00C04F79EFBC}") = "Application", "Core\Application\Application.csproj", "{FD5954A4-6C29-41F0-B6B3-76405E3958A1}"
EndProject
Project("{2150E333-8FDC-42A3-9474-1A3956D46DE8}") = "Core", "Core", "{FBF56CC3-7AE6-AD2D-3F14-7F97FD322CD6}"
EndProject
Project("{2150E333-8FDC-42A3-9474-1A3956D46DE8}") = "Tests", "Tests", "{8783C0BC-EE27-8E0C-7452-5882FB8E96CA}"
EndProject
Project("{FAE04EC0-301F-11D3-BF4B-00C04F79EFBC}") = "Core.Tests", "Core\Tests\Core.Tests.csproj", "{6ECD1487-A8A6-4538-AA45-F8424A82C272}"
EndProject
Global
	GlobalSection(SolutionConfigurationPlatforms) = preSolution
		Debug|Any CPU = Debug|Any CPU
		Debug|x64 = Debug|x64
		Debug|x86 = Debug|x86
		Release|Any CPU = Release|Any CPU
		Release|x64 = Release|x64
		Release|x86 = Release|x86
	EndGlobalSection
	GlobalSection(ProjectConfigurationPlatforms) = postSolution
		{CBA4A0CD-9E42-4C3A-91B1-AD92F43AC29D}.Debug|Any CPU.ActiveCfg = Debug|Any CPU
		{CBA4A0CD-9E42-4C3A-91B1-AD92F43AC29D}.Debug|Any CPU.Build.0 = Debug|Any CPU
		{CBA4A0CD-9E42-4C3A-91B1-AD92F43AC29D}.Debug|x64.ActiveCfg = Debug|Any CPU
		{CBA4A0CD-9E42-4C3A-91B1-AD92F43AC29D}.Debug|x64.Build.0 = Debug|Any CPU
		{CBA4A0CD-9E42-4C3A-91B1-AD92F43AC29D}.Debug|x86.ActiveCfg = Debug|Any CPU
		{CBA4A0CD-9E42-4C3A-91B1-AD92F43AC29D}.Debug|x86.Build.0 = Debug|Any CPU
		{CBA4A0CD-9E42-4C3A-91B1-AD92F43AC29D}.Release|Any CPU.ActiveCfg = Release|Any CPU
		{CBA4A0CD-9E42-4C3A-91B1-AD92F43AC29D}.Release|Any CPU.Build.0 = Release|Any CPU
		{CBA4A0CD-9E42-4C3A-91B1-AD92F43AC29D}.Release|x64.ActiveCfg = Release|Any CPU
		{CBA4A0CD-9E42-4C3A-91B1-AD92F43AC29D}.Release|x64.Build.0 = Release|Any CPU
		{CBA4A0CD-9E42-4C3A-91B1-AD92F43AC29D}.Release|x86.ActiveCfg = Release|Any CPU
		{CBA4A0CD-9E42-4C3A-91B1-AD92F43AC29D}.Release|x86.Build.0 = Release|Any CPU
		{33649674-90DE-4410-BBAC-DFD4030283C1}.Debug|Any CPU.ActiveCfg = Debug|Any CPU
		{33649674-90DE-4410-BBAC-DFD4030283C1}.Debug|Any CPU.Build.0 = Debug|Any CPU
		{33649674-90DE-4410-BBAC-DFD4030283C1}.Debug|x64.ActiveCfg = Debug|Any CPU
		{33649674-90DE-4410-BBAC-DFD4030283C1}.Debug|x64.Build.0 = Debug|Any CPU
		{33649674-90DE-4410-BBAC-DFD4030283C1}.Debug|x86.ActiveCfg = Debug|Any CPU
		{33649674-90DE-4410-BBAC-DFD4030283C1}.Debug|x86.Build.0 = Debug|Any CPU
		{33649674-90DE-4410-BBAC-DFD4030283C1}.Release|Any CPU.ActiveCfg = Release|Any CPU
		{33649674-90DE-4410-BBAC-DFD4030283C1}.Release|Any CPU.Build.0 = Release|Any CPU
		{33649674-90DE-4410-BBAC-DFD4030283C1}.Release|x64.ActiveCfg = Release|Any CPU
		{33649674-90DE-4410-BBAC-DFD4030283C1}.Release|x64.Build.0 = Release|Any CPU
		{33649674-90DE-4410-BBAC-DFD4030283C1}.Release|x86.ActiveCfg = Release|Any CPU
		{33649674-90DE-4410-BBAC-DFD4030283C1}.Release|x86.Build.0 = Release|Any CPU
		{4736C219-B0B1-47A6-9593-D24DCFD8562A}.Debug|Any CPU.ActiveCfg = Debug|Any CPU
		{4736C219-B0B1-47A6-9593-D24DCFD8562A}.Debug|Any CPU.Build.0 = Debug|Any CPU
		{4736C219-B0B1-47A6-9593-D24DCFD8562A}.Debug|x64.ActiveCfg = Debug|Any CPU
		{4736C219-B0B1-47A6-9593-D24DCFD8562A}.Debug|x64.Build.0 = Debug|Any CPU
		{4736C219-B0B1-47A6-9593-D24DCFD8562A}.Debug|x86.ActiveCfg = Debug|Any CPU
		{4736C219-B0B1-47A6-9593-D24DCFD8562A}.Debug|x86.Build.0 = Debug|Any CPU
		{4736C219-B0B1-47A6-9593-D24DCFD8562A}.Release|Any CPU.ActiveCfg = Release|Any CPU
		{4736C219-B0B1-47A6-9593-D24DCFD8562A}.Release|Any CPU.Build.0 = Release|Any CPU
		{4736C219-B0B1-47A6-9593-D24DCFD8562A}.Release|x64.ActiveCfg = Release|Any CPU
		{4736C219-B0B1-47A6-9593-D24DCFD8562A}.Release|x64.Build.0 = Release|Any CPU
		{4736C219-B0B1-47A6-9593-D24DCFD8562A}.Release|x86.ActiveCfg = Release|Any CPU
		{4736C219-B0B1-47A6-9593-D24DCFD8562A}.Release|x86.Build.0 = Release|Any CPU
		{39A53DDA-3FA8-4FE9-A878-8A7BF0F77BF1}.Debug|Any CPU.ActiveCfg = Debug|Any CPU
		{39A53DDA-3FA8-4FE9-A878-8A7BF0F77BF1}.Debug|Any CPU.Build.0 = Debug|Any CPU
		{39A53DDA-3FA8-4FE9-A878-8A7BF0F77BF1}.Debug|x64.ActiveCfg = Debug|Any CPU
		{39A53DDA-3FA8-4FE9-A878-8A7BF0F77BF1}.Debug|x64.Build.0 = Debug|Any CPU
		{39A53DDA-3FA8-4FE9-A878-8A7BF0F77BF1}.Debug|x86.ActiveCfg = Debug|Any CPU
		{39A53DDA-3FA8-4FE9-A878-8A7BF0F77BF1}.Debug|x86.Build.0 = Debug|Any CPU
		{39A53DDA-3FA8-4FE9-A878-8A7BF0F77BF1}.Release|Any CPU.ActiveCfg = Release|Any CPU
		{39A53DDA-3FA8-4FE9-A878-8A7BF0F77BF1}.Release|Any CPU.Build.0 = Release|Any CPU
		{39A53DDA-3FA8-4FE9-A878-8A7BF0F77BF1}.Release|x64.ActiveCfg = Release|Any CPU
		{39A53DDA-3FA8-4FE9-A878-8A7BF0F77BF1}.Release|x64.Build.0 = Release|Any CPU
		{39A53DDA-3FA8-4FE9-A878-8A7BF0F77BF1}.Release|x86.ActiveCfg = Release|Any CPU
		{39A53DDA-3FA8-4FE9-A878-8A7BF0F77BF1}.Release|x86.Build.0 = Release|Any CPU
		{FD5954A4-6C29-41F0-B6B3-76405E3958A1}.Debug|Any CPU.ActiveCfg = Debug|Any CPU
		{FD5954A4-6C29-41F0-B6B3-76405E3958A1}.Debug|Any CPU.Build.0 = Debug|Any CPU
		{FD5954A4-6C29-41F0-B6B3-76405E3958A1}.Debug|x64.ActiveCfg = Debug|Any CPU
		{FD5954A4-6C29-41F0-B6B3-76405E3958A1}.Debug|x64.Build.0 = Debug|Any CPU
		{FD5954A4-6C29-41F0-B6B3-76405E3958A1}.Debug|x86.ActiveCfg = Debug|Any CPU
		{FD5954A4-6C29-41F0-B6B3-76405E3958A1}.Debug|x86.Build.0 = Debug|Any CPU
		{FD5954A4-6C29-41F0-B6B3-76405E3958A1}.Release|Any CPU.ActiveCfg = Release|Any CPU
		{FD5954A4-6C29-41F0-B6B3-76405E3958A1}.Release|Any CPU.Build.0 = Release|Any CPU
		{FD5954A4-6C29-41F0-B6B3-76405E3958A1}.Release|x64.ActiveCfg = Release|Any CPU
		{FD5954A4-6C29-41F0-B6B3-76405E3958A1}.Release|x64.Build.0 = Release|Any CPU
		{FD5954A4-6C29-41F0-B6B3-76405E3958A1}.Release|x86.ActiveCfg = Release|Any CPU
		{FD5954A4-6C29-41F0-B6B3-76405E3958A1}.Release|x86.Build.0 = Release|Any CPU
		{6ECD1487-A8A6-4538-AA45-F8424A82C272}.Debug|Any CPU.ActiveCfg = Debug|Any CPU
		{6ECD1487-A8A6-4538-AA45-F8424A82C272}.Debug|Any CPU.Build.0 = Debug|Any CPU
		{6ECD1487-A8A6-4538-AA45-F8424A82C272}.Debug|x64.ActiveCfg = Debug|Any CPU
		{6ECD1487-A8A6-4538-AA45-F8424A82C272}.Debug|x64.Build.0 = Debug|Any CPU
		{6ECD1487-A8A6-4538-AA45-F8424A82C272}.Debug|x86.ActiveCfg = Debug|Any CPU
		{6ECD1487-A8A6-4538-AA45-F8424A82C272}.Debug|x86.Build.0 = Debug|Any CPU
		{6ECD1487-A8A6-4538-AA45-F8424A82C272}.Release|Any CPU.ActiveCfg = Release|Any CPU
		{6ECD1487-A8A6-4538-AA45-F8424A82C272}.Release|Any CPU.Build.0 = Release|Any CPU
		{6ECD1487-A8A6-4538-AA45-F8424A82C272}.Release|x64.ActiveCfg = Release|Any CPU
		{6ECD1487-A8A6-4538-AA45-F8424A82C272}.Release|x64.Build.0 = Release|Any CPU
		{6ECD1487-A8A6-4538-AA45-F8424A82C272}.Release|x86.ActiveCfg = Release|Any CPU
		{6ECD1487-A8A6-4538-AA45-F8424A82C272}.Release|x86.Build.0 = Release|Any CPU
	EndGlobalSection
	GlobalSection(SolutionProperties) = preSolution
		HideSolutionNode = FALSE
	EndGlobalSection
	GlobalSection(NestedProjects) = preSolution
		{8783C0BC-EE27-8E0C-7452-5882FB8E96CA} = {FBF56CC3-7AE6-AD2D-3F14-7F97FD322CD6}
		{6ECD1487-A8A6-4538-AA45-F8424A82C272} = {8783C0BC-EE27-8E0C-7452-5882FB8E96CA}
	EndGlobalSection
	GlobalSection(ExtensibilityGlobals) = postSolution
		SolutionGuid = {9E872106-7E5B-44EE-986C-AD04552EF67D}
	EndGlobalSection
EndGlobal
